
Microsoft Visual Studio Solution File, Format Version 12.00
# Visual Studio 15
VisualStudioVersion = 15.0.28307.757
MinimumVisualStudioVersion = 10.0.40219.1
Project("{9A19103F-16F7-4668-BE54-9A1E7A4F7556}") = "Core", "Core\Core.csproj", "{D89E8A62-1C62-486F-AE10-7CCCC3CCBFFE}"
EndProject
Project("{9A19103F-16F7-4668-BE54-9A1E7A4F7556}") = "Imaging", "Imaging\Imaging.csproj", "{82A787F6-A0A5-4C94-BF69-7694596093BA}"
EndProject
Project("{9A19103F-16F7-4668-BE54-9A1E7A4F7556}") = "Math", "Math\Math.csproj", "{8C029FFD-813F-4966-8943-2314D20727A0}"
EndProject
Global
	GlobalSection(SolutionConfigurationPlatforms) = preSolution
		Debug|Any CPU = Debug|Any CPU
		Release|Any CPU = Release|Any CPU
	EndGlobalSection
	GlobalSection(ProjectConfigurationPlatforms) = postSolution
		{D89E8A62-1C62-486F-AE10-7CCCC3CCBFFE}.Debug|Any CPU.ActiveCfg = Debug|Any CPU
		{D89E8A62-1C62-486F-AE10-7CCCC3CCBFFE}.Debug|Any CPU.Build.0 = Debug|Any CPU
		{D89E8A62-1C62-486F-AE10-7CCCC3CCBFFE}.Release|Any CPU.ActiveCfg = Release|Any CPU
		{D89E8A62-1C62-486F-AE10-7CCCC3CCBFFE}.Release|Any CPU.Build.0 = Release|Any CPU
		{82A787F6-A0A5-4C94-BF69-7694596093BA}.Debug|Any CPU.ActiveCfg = Debug|Any CPU
		{82A787F6-A0A5-4C94-BF69-7694596093BA}.Debug|Any CPU.Build.0 = Debug|Any CPU
		{82A787F6-A0A5-4C94-BF69-7694596093BA}.Release|Any CPU.ActiveCfg = Release|Any CPU
		{82A787F6-A0A5-4C94-BF69-7694596093BA}.Release|Any CPU.Build.0 = Release|Any CPU
		{8C029FFD-813F-4966-8943-2314D20727A0}.Debug|Any CPU.ActiveCfg = Debug|Any CPU
		{8C029FFD-813F-4966-8943-2314D20727A0}.Debug|Any CPU.Build.0 = Debug|Any CPU
		{8C029FFD-813F-4966-8943-2314D20727A0}.Release|Any CPU.ActiveCfg = Release|Any CPU
		{8C029FFD-813F-4966-8943-2314D20727A0}.Release|Any CPU.Build.0 = Release|Any CPU
	EndGlobalSection
	GlobalSection(SolutionProperties) = preSolution
		HideSolutionNode = FALSE
	EndGlobalSection
	GlobalSection(ExtensibilityGlobals) = postSolution
		SolutionGuid = {65B0F136-E87E-4170-9022-3542B89D6CE3}
	EndGlobalSection
EndGlobal
